
Microsoft Visual Studio Solution File, Format Version 12.00
# Visual Studio Version 17
VisualStudioVersion = 17.7.34031.279
MinimumVisualStudioVersion = 10.0.40219.1
Project("{FAE04EC0-301F-11D3-BF4B-00C04F79EFBC}") = "HelloWorld", "HelloWorld.csproj", "{86C9DCDF-9855-467A-B58B-7277B0DE761A}"
EndProject
Global
	GlobalSection(SolutionConfigurationPlatforms) = preSolution
		Debug|Any CPU = Debug|Any CPU
		Release|Any CPU = Release|Any CPU
	EndGlobalSection
	GlobalSection(ProjectConfigurationPlatforms) = postSolution
		{86C9DCDF-9855-467A-B58B-7277B0DE761A}.Debug|Any CPU.ActiveCfg = Debug|Any CPU
		{86C9DCDF-9855-467A-B58B-7277B0DE761A}.Debug|Any CPU.Build.0 = Debug|Any CPU
		{86C9DCDF-9855-467A-B58B-7277B0DE761A}.Release|Any CPU.ActiveCfg = Release|Any CPU
		{86C9DCDF-9855-467A-B58B-7277B0DE761A}.Release|Any CPU.Build.0 = Release|Any CPU
	EndGlobalSection
	GlobalSection(SolutionProperties) = preSolution
		HideSolutionNode = FALSE
	EndGlobalSection
	GlobalSection(ExtensibilityGlobals) = postSolution
		SolutionGuid = {3C7C41D8-E832-4EE3-8EBB-E73BD3086A33}
	EndGlobalSection
EndGlobal
